
Microsoft Visual Studio Solution File, Format Version 12.00
# Visual Studio Version 17
VisualStudioVersion = 17.3.32825.248
MinimumVisualStudioVersion = 10.0.40219.1
Project("{888888A0-9F3D-457C-B088-3A5042F75D52}") = "IR_detection", "IR_detection\IR_detection.pyproj", "{3B1D5F0E-ADB4-49F1-9964-F1D09FFEEB01}"
EndProject
Global
	GlobalSection(SolutionConfigurationPlatforms) = preSolution
		Debug|Any CPU = Debug|Any CPU
		Release|Any CPU = Release|Any CPU
	EndGlobalSection
	GlobalSection(ProjectConfigurationPlatforms) = postSolution
		{3B1D5F0E-ADB4-49F1-9964-F1D09FFEEB01}.Debug|Any CPU.ActiveCfg = Debug|Any CPU
		{3B1D5F0E-ADB4-49F1-9964-F1D09FFEEB01}.Release|Any CPU.ActiveCfg = Release|Any CPU
	EndGlobalSection
	GlobalSection(SolutionProperties) = preSolution
		HideSolutionNode = FALSE
	EndGlobalSection
	GlobalSection(ExtensibilityGlobals) = postSolution
		SolutionGuid = {838A475C-A639-494E-84E4-5F26FBB33E4F}
	EndGlobalSection
EndGlobal
